
Microsoft Visual Studio Solution File, Format Version 12.00
# Visual Studio 14
VisualStudioVersion = 14.0.25420.1
MinimumVisualStudioVersion = 10.0.40219.1
Project("{FAE04EC0-301F-11D3-BF4B-00C04F79EFBC}") = "A01Processes", "A01Processes\A01Processes.csproj", "{752B980A-9676-4296-B709-8220F7AC8604}"
EndProject
Project("{FAE04EC0-301F-11D3-BF4B-00C04F79EFBC}") = "A01Subprocess", "A01Subprocess\A01Subprocess.csproj", "{3AADD9EC-A590-4737-B4EB-2AD92644906E}"
EndProject
Project("{2150E333-8FDC-42A3-9474-1A3956D46DE8}") = "01Subprocesses", "01Subprocesses", "{35726A76-C996-4628-A522-8406AFACB4AC}"
EndProject
Project("{2150E333-8FDC-42A3-9474-1A3956D46DE8}") = "02Threads", "02Threads", "{A72F63BA-E12C-48FF-AA0D-0074BE1CEBBD}"
EndProject
Project("{2150E333-8FDC-42A3-9474-1A3956D46DE8}") = "03Threadpool", "03Threadpool", "{14A53A74-4695-4FC6-BC2A-1BE4A5A4B182}"
EndProject
Project("{2150E333-8FDC-42A3-9474-1A3956D46DE8}") = "04Tasks", "04Tasks", "{7A3D97F4-CF16-40C1-B0DF-AD5C1032E05A}"
EndProject
Project("{2150E333-8FDC-42A3-9474-1A3956D46DE8}") = "05Continuatuions", "05Continuatuions", "{12ABF0B2-1A72-42CA-A524-D74AC3CF1EAB}"
EndProject
Project("{2150E333-8FDC-42A3-9474-1A3956D46DE8}") = "06AsyncAwait", "06AsyncAwait", "{08F95122-1FBE-44A0-9545-94446D351381}"
EndProject
Project("{FAE04EC0-301F-11D3-BF4B-00C04F79EFBC}") = "A02ThreadDemo", "A02ThreadDemo\A02ThreadDemo.csproj", "{36BFF716-C38C-4540-80D5-5E90C61E676C}"
EndProject
Project("{FAE04EC0-301F-11D3-BF4B-00C04F79EFBC}") = "A03ThreadpoolDemo", "ThreadpoolExample\A03ThreadpoolDemo.csproj", "{224B2502-9C7E-4071-81C1-E7D4D92C155A}"
EndProject
Project("{FAE04EC0-301F-11D3-BF4B-00C04F79EFBC}") = "A04TaskDemo", "A04TaskDemo\A04TaskDemo.csproj", "{9B032156-B8A8-4AA4-99FA-C5EC7CA6AB4C}"
EndProject
Project("{FAE04EC0-301F-11D3-BF4B-00C04F79EFBC}") = "A05ContinuationDemo", "A05ContinuationDemo\A05ContinuationDemo.csproj", "{D6C6FE57-72DF-4165-A522-E76D745A68CB}"
EndProject
Global
	GlobalSection(SolutionConfigurationPlatforms) = preSolution
		Debug|Any CPU = Debug|Any CPU
		Release|Any CPU = Release|Any CPU
	EndGlobalSection
	GlobalSection(ProjectConfigurationPlatforms) = postSolution
		{752B980A-9676-4296-B709-8220F7AC8604}.Debug|Any CPU.ActiveCfg = Debug|Any CPU
		{752B980A-9676-4296-B709-8220F7AC8604}.Debug|Any CPU.Build.0 = Debug|Any CPU
		{752B980A-9676-4296-B709-8220F7AC8604}.Release|Any CPU.ActiveCfg = Release|Any CPU
		{752B980A-9676-4296-B709-8220F7AC8604}.Release|Any CPU.Build.0 = Release|Any CPU
		{3AADD9EC-A590-4737-B4EB-2AD92644906E}.Debug|Any CPU.ActiveCfg = Debug|Any CPU
		{3AADD9EC-A590-4737-B4EB-2AD92644906E}.Debug|Any CPU.Build.0 = Debug|Any CPU
		{3AADD9EC-A590-4737-B4EB-2AD92644906E}.Release|Any CPU.ActiveCfg = Release|Any CPU
		{3AADD9EC-A590-4737-B4EB-2AD92644906E}.Release|Any CPU.Build.0 = Release|Any CPU
		{36BFF716-C38C-4540-80D5-5E90C61E676C}.Debug|Any CPU.ActiveCfg = Debug|Any CPU
		{36BFF716-C38C-4540-80D5-5E90C61E676C}.Debug|Any CPU.Build.0 = Debug|Any CPU
		{36BFF716-C38C-4540-80D5-5E90C61E676C}.Release|Any CPU.ActiveCfg = Release|Any CPU
		{36BFF716-C38C-4540-80D5-5E90C61E676C}.Release|Any CPU.Build.0 = Release|Any CPU
		{224B2502-9C7E-4071-81C1-E7D4D92C155A}.Debug|Any CPU.ActiveCfg = Debug|Any CPU
		{224B2502-9C7E-4071-81C1-E7D4D92C155A}.Debug|Any CPU.Build.0 = Debug|Any CPU
		{224B2502-9C7E-4071-81C1-E7D4D92C155A}.Release|Any CPU.ActiveCfg = Release|Any CPU
		{224B2502-9C7E-4071-81C1-E7D4D92C155A}.Release|Any CPU.Build.0 = Release|Any CPU
		{9B032156-B8A8-4AA4-99FA-C5EC7CA6AB4C}.Debug|Any CPU.ActiveCfg = Debug|Any CPU
		{9B032156-B8A8-4AA4-99FA-C5EC7CA6AB4C}.Debug|Any CPU.Build.0 = Debug|Any CPU
		{9B032156-B8A8-4AA4-99FA-C5EC7CA6AB4C}.Release|Any CPU.ActiveCfg = Release|Any CPU
		{9B032156-B8A8-4AA4-99FA-C5EC7CA6AB4C}.Release|Any CPU.Build.0 = Release|Any CPU
		{D6C6FE57-72DF-4165-A522-E76D745A68CB}.Debug|Any CPU.ActiveCfg = Debug|Any CPU
		{D6C6FE57-72DF-4165-A522-E76D745A68CB}.Debug|Any CPU.Build.0 = Debug|Any CPU
		{D6C6FE57-72DF-4165-A522-E76D745A68CB}.Release|Any CPU.ActiveCfg = Release|Any CPU
		{D6C6FE57-72DF-4165-A522-E76D745A68CB}.Release|Any CPU.Build.0 = Release|Any CPU
	EndGlobalSection
	GlobalSection(SolutionProperties) = preSolution
		HideSolutionNode = FALSE
	EndGlobalSection
	GlobalSection(NestedProjects) = preSolution
		{752B980A-9676-4296-B709-8220F7AC8604} = {35726A76-C996-4628-A522-8406AFACB4AC}
		{3AADD9EC-A590-4737-B4EB-2AD92644906E} = {35726A76-C996-4628-A522-8406AFACB4AC}
		{36BFF716-C38C-4540-80D5-5E90C61E676C} = {A72F63BA-E12C-48FF-AA0D-0074BE1CEBBD}
		{224B2502-9C7E-4071-81C1-E7D4D92C155A} = {14A53A74-4695-4FC6-BC2A-1BE4A5A4B182}
		{9B032156-B8A8-4AA4-99FA-C5EC7CA6AB4C} = {7A3D97F4-CF16-40C1-B0DF-AD5C1032E05A}
		{D6C6FE57-72DF-4165-A522-E76D745A68CB} = {12ABF0B2-1A72-42CA-A524-D74AC3CF1EAB}
	EndGlobalSection
EndGlobal
